
Microsoft Visual Studio Solution File, Format Version 9.00
# Visual Studio 2005
Project("{8BC9CEB8-8B4A-11D0-8D11-00A0C91BC942}") = "fft", "fft\fft.vcproj", "{DD10E19A-36C3-43E5-B087-710B6AD37A5F}"
EndProject
Global
	GlobalSection(SolutionConfigurationPlatforms) = preSolution
		Debug|Win32 = Debug|Win32
		Release|Win32 = Release|Win32
	EndGlobalSection
	GlobalSection(ProjectConfigurationPlatforms) = postSolution
		{DD10E19A-36C3-43E5-B087-710B6AD37A5F}.Debug|Win32.ActiveCfg = Debug|Win32
		{DD10E19A-36C3-43E5-B087-710B6AD37A5F}.Debug|Win32.Build.0 = Debug|Win32
		{DD10E19A-36C3-43E5-B087-710B6AD37A5F}.Release|Win32.ActiveCfg = Release|Win32
		{DD10E19A-36C3-43E5-B087-710B6AD37A5F}.Release|Win32.Build.0 = Release|Win32
	EndGlobalSection
	GlobalSection(SolutionProperties) = preSolution
		HideSolutionNode = FALSE
	EndGlobalSection
EndGlobal
